
Microsoft Visual Studio Solution File, Format Version 12.00
# Visual Studio Version 16
VisualStudioVersion = 16.0.29009.5
MinimumVisualStudioVersion = 10.0.40219.1
Project("{FAE04EC0-301F-11D3-BF4B-00C04F79EFBC}") = "ParseIt", "ParseIt\ParseIt.csproj", "{F4800BFB-87E9-47BD-962A-B625F0489110}"
EndProject
Global
	GlobalSection(SolutionConfigurationPlatforms) = preSolution
		Debug|Any CPU = Debug|Any CPU
		Release|Any CPU = Release|Any CPU
	EndGlobalSection
	GlobalSection(ProjectConfigurationPlatforms) = postSolution
		{F4800BFB-87E9-47BD-962A-B625F0489110}.Debug|Any CPU.ActiveCfg = Debug|Any CPU
		{F4800BFB-87E9-47BD-962A-B625F0489110}.Debug|Any CPU.Build.0 = Debug|Any CPU
		{F4800BFB-87E9-47BD-962A-B625F0489110}.Release|Any CPU.ActiveCfg = Release|Any CPU
		{F4800BFB-87E9-47BD-962A-B625F0489110}.Release|Any CPU.Build.0 = Release|Any CPU
	EndGlobalSection
	GlobalSection(SolutionProperties) = preSolution
		HideSolutionNode = FALSE
	EndGlobalSection
	GlobalSection(ExtensibilityGlobals) = postSolution
		SolutionGuid = {BB5812AC-FF88-4E6C-8901-DC3A8B8080D4}
	EndGlobalSection
EndGlobal
